
Microsoft Visual Studio Solution File, Format Version 12.00
# Visual Studio Version 17
VisualStudioVersion = 17.13.35919.96 d17.13
MinimumVisualStudioVersion = 10.0.40219.1
Project("{FAE04EC0-301F-11D3-BF4B-00C04F79EFBC}") = "SimpleUsersApi", "SimpleUsersApi\SimpleUsersApi.csproj", "{D756BB1A-236D-4ACC-B0D4-7FCE6F9416AD}"
EndProject
Global
	GlobalSection(SolutionConfigurationPlatforms) = preSolution
		Debug|Any CPU = Debug|Any CPU
		Release|Any CPU = Release|Any CPU
	EndGlobalSection
	GlobalSection(ProjectConfigurationPlatforms) = postSolution
		{D756BB1A-236D-4ACC-B0D4-7FCE6F9416AD}.Debug|Any CPU.ActiveCfg = Debug|Any CPU
		{D756BB1A-236D-4ACC-B0D4-7FCE6F9416AD}.Debug|Any CPU.Build.0 = Debug|Any CPU
		{D756BB1A-236D-4ACC-B0D4-7FCE6F9416AD}.Release|Any CPU.ActiveCfg = Release|Any CPU
		{D756BB1A-236D-4ACC-B0D4-7FCE6F9416AD}.Release|Any CPU.Build.0 = Release|Any CPU
	EndGlobalSection
	GlobalSection(SolutionProperties) = preSolution
		HideSolutionNode = FALSE
	EndGlobalSection
	GlobalSection(ExtensibilityGlobals) = postSolution
		SolutionGuid = {ECD8FFB1-C89E-48D3-8FAE-24BBF3A78EE6}
	EndGlobalSection
EndGlobal
